
Microsoft Visual Studio Solution File, Format Version 12.00
# Visual Studio Version 17
VisualStudioVersion = 17.8.34322.80
MinimumVisualStudioVersion = 10.0.40219.1
Project("{FAE04EC0-301F-11D3-BF4B-00C04F79EFBC}") = "CSharpRabbitMQExample.WinForm", "CSharpRabbitMQExample.WinForm\CSharpRabbitMQExample.WinForm.csproj", "{AFB61F4E-0E37-420C-87FD-109EADE5BF24}"
EndProject
Project("{FAE04EC0-301F-11D3-BF4B-00C04F79EFBC}") = "CSharpRabbitMQExample.Console", "CSharpRabbitMQExample.Console\CSharpRabbitMQExample.Console.csproj", "{74F9DE6C-9521-44F4-A255-A6ABC1EE4B8C}"
EndProject
Global
	GlobalSection(SolutionConfigurationPlatforms) = preSolution
		Debug|Any CPU = Debug|Any CPU
		Release|Any CPU = Release|Any CPU
	EndGlobalSection
	GlobalSection(ProjectConfigurationPlatforms) = postSolution
		{AFB61F4E-0E37-420C-87FD-109EADE5BF24}.Debug|Any CPU.ActiveCfg = Debug|Any CPU
		{AFB61F4E-0E37-420C-87FD-109EADE5BF24}.Debug|Any CPU.Build.0 = Debug|Any CPU
		{AFB61F4E-0E37-420C-87FD-109EADE5BF24}.Release|Any CPU.ActiveCfg = Release|Any CPU
		{AFB61F4E-0E37-420C-87FD-109EADE5BF24}.Release|Any CPU.Build.0 = Release|Any CPU
		{74F9DE6C-9521-44F4-A255-A6ABC1EE4B8C}.Debug|Any CPU.ActiveCfg = Debug|Any CPU
		{74F9DE6C-9521-44F4-A255-A6ABC1EE4B8C}.Debug|Any CPU.Build.0 = Debug|Any CPU
		{74F9DE6C-9521-44F4-A255-A6ABC1EE4B8C}.Release|Any CPU.ActiveCfg = Release|Any CPU
		{74F9DE6C-9521-44F4-A255-A6ABC1EE4B8C}.Release|Any CPU.Build.0 = Release|Any CPU
	EndGlobalSection
	GlobalSection(SolutionProperties) = preSolution
		HideSolutionNode = FALSE
	EndGlobalSection
	GlobalSection(ExtensibilityGlobals) = postSolution
		SolutionGuid = {7862D051-D4E6-4B25-A613-5C7D83F0B4F2}
	EndGlobalSection
EndGlobal
